PODS:
  - NixonUtility (0.04)
  - PrivatePod (1.0.0)

DEPENDENCIES:
  - NixonUtility (from `https://github.com/powerwolf543/NixonUtility.git`)
  - PrivatePod (from `../`)

EXTERNAL SOURCES:
  NixonUtility:
    :git: https://github.com/powerwolf543/NixonUtility.git
  PrivatePod:
    :path: ../

CHECKOUT OPTIONS:
  NixonUtility:
    :commit: a34465179173a9a9ec997d9244d3d9aa69d29662
    :git: https://github.com/powerwolf543/NixonUtility.git

SPEC CHECKSUMS:
  NixonUtility: 5b172ecf8aefe3e8ff1e1516ab096c31ccaa74fd
  PrivatePod: 523407957f5611d01ce58e8e951cf552b659cfe3

PODFILE CHECKSUM: 6cb37cd0fea588dd1c1a9af43b8ae12b3d0b8b70

COCOAPODS: 1.3.1
