// !$*UTF8*$!
{
	archiveVersion = 1;
	classes = {
	};
	objectVersion = 48;
	objects = {

/* Begin PBXBuildFile section */
		2595C37D1F77F0D4006C4FFB /* AppDelegate.swift in Sources */ = {isa = PBXBuildFile; fileRef = 2595C37C1F77F0D4006C4FFB /* AppDelegate.swift */; };
		2595C37F1F77F0D4006C4FFB /* ViewController.swift in Sources */ = {isa = PBXBuildFile; fileRef = 2595C37E1F77F0D4006C4FFB /* ViewController.swift */; };
		2595C3821F77F0D4006C4FFB /* Main.storyboard in Resources */ = {isa = PBXBuildFile; fileRef = 2595C3801F77F0D4006C4FFB /* Main.storyboard */; };
		2595C3841F77F0D4006C4FFB /* Assets.xcassets in Resources */ = {isa = PBXBuildFile; fileRef = 2595C3831F77F0D4006C4FFB /* Assets.xcassets */; };
		2595C3871F77F0D4006C4FFB /* LaunchScreen.storyboard in Resources */ = {isa = PBXBuildFile; fileRef = 2595C3851F77F0D4006C4FFB /* LaunchScreen.storyboard */; };
		524E17E7E6150FFA7F1DF959 /* Pods_ExPrivatePod.framework in Frameworks */ = {isa = PBXBuildFile; fileRef = 015B4AAB5342A725730AE496 /* Pods_ExPrivatePod.framework */; };
/* End PBXBuildFile section */

/* Begin PBXFileReference section */
		015B4AAB5342A725730AE496 /* Pods_ExPrivatePod.framework */ = {isa = PBXFileReference; explicitFileType = wrapper.framework; includeInIndex = 0; path = Pods_ExPrivatePod.framework; sourceTree = BUILT_PRODUCTS_DIR; };
		2595C3791F77F0D4006C4FFB /* ExPrivatePod.app */ = {isa = PBXFileReference; explicitFileType = wrapper.application; includeInIndex = 0; path = ExPrivatePod.app; sourceTree = BUILT_PRODUCTS_DIR; };
		2595C37C1F77F0D4006C4FFB /* AppDelegate.swift */ = {isa = PBXFileReference; lastKnownFileType = sourcecode.swift; path = AppDelegate.swift; sourceTree = "<group>"; };
		2595C37E1F77F0D4006C4FFB /* ViewController.swift */ = {isa = PBXFileReference; lastKnownFileType = sourcecode.swift; path = ViewController.swift; sourceTree = "<group>"; };
		2595C3811F77F0D4006C4FFB /* Base */ = {isa = PBXFileReference; lastKnownFileType = file.storyboard; name = Base; path = Base.lproj/Main.storyboard; sourceTree = "<group>"; };
		2595C3831F77F0D4006C4FFB /* Assets.xcassets */ = {isa = PBXFileReference; lastKnownFileType = folder.assetcatalog; path = Assets.xcassets; sourceTree = "<group>"; };
		2595C3861F77F0D4006C4FFB /* Base */ = {isa = PBXFileReference; lastKnownFileType = file.storyboard; name = Base; path = Base.lproj/LaunchScreen.storyboard; sourceTree = "<group>"; };
		2595C3881F77F0D4006C4FFB /* Info.plist */ = {isa = PBXFileReference; lastKnownFileType = text.plist.xml; path = Info.plist; sourceTree = "<group>"; };
		B4F94EADD95B2DCFEB872E48 /* Pods-ExPrivatePod.debug.xcconfig */ = {isa = PBXFileReference; includeInIndex = 1; lastKnownFileType = text.xcconfig; name = "Pods-ExPrivatePod.debug.xcconfig"; path = "Pods/Target Support Files/Pods-ExPrivatePod/Pods-ExPrivatePod.debug.xcconfig"; sourceTree = "<group>"; };
		B730CA16CADD2E6E4C3265A9 /* Pods-ExPrivatePod.release.xcconfig */ = {isa = PBXFileReference; includeInIndex = 1; lastKnownFileType = text.xcconfig; name = "Pods-ExPrivatePod.release.xcconfig"; path = "Pods/Target Support Files/Pods-ExPrivatePod/Pods-ExPrivatePod.release.xcconfig"; sourceTree = "<group>"; };
/* End PBXFileReference section */

/* Begin PBXFrameworksBuildPhase section */
		2595C3761F77F0D4006C4FFB /* Frameworks */ = {
			isa = PBXFrameworksBuildPhase;
			buildActionMask = 2147483647;
			files = (
				524E17E7E6150FFA7F1DF959 /* Pods_ExPrivatePod.framework in Frameworks */,
			);
			runOnlyForDeploymentPostprocessing = 0;
		};
/* End PBXFrameworksBuildPhase section */

/* Begin PBXGroup section */
		2595C3701F77F0D4006C4FFB = {
			isa = PBXGroup;
			children = (
				2595C37B1F77F0D4006C4FFB /* ExPrivatePod */,
				2595C37A1F77F0D4006C4FFB /* Products */,
				649ACF23D67A5DD5704C353C /* Pods */,
				DC63C462E483F55DC447AAE0 /* Frameworks */,
			);
			sourceTree = "<group>";
		};
		2595C37A1F77F0D4006C4FFB /* Products */ = {
			isa = PBXGroup;
			children = (
				2595C3791F77F0D4006C4FFB /* ExPrivatePod.app */,
			);
			name = Products;
			sourceTree = "<group>";
		};
		2595C37B1F77F0D4006C4FFB /* ExPrivatePod */ = {
			isa = PBXGroup;
			children = (
				2595C37C1F77F0D4006C4FFB /* AppDelegate.swift */,
				2595C37E1F77F0D4006C4FFB /* ViewController.swift */,
				2595C3801F77F0D4006C4FFB /* Main.storyboard */,
				2595C3831F77F0D4006C4FFB /* Assets.xcassets */,
				2595C3851F77F0D4006C4FFB /* LaunchScreen.storyboard */,
				2595C3881F77F0D4006C4FFB /* Info.plist */,
			);
			path = ExPrivatePod;
			sourceTree = "<group>";
		};
		649ACF23D67A5DD5704C353C /* Pods */ = {
			isa = PBXGroup;
			children = (
				B4F94EADD95B2DCFEB872E48 /* Pods-ExPrivatePod.debug.xcconfig */,
				B730CA16CADD2E6E4C3265A9 /* Pods-ExPrivatePod.release.xcconfig */,
			);
			name = Pods;
			sourceTree = "<group>";
		};
		DC63C462E483F55DC447AAE0 /* Frameworks */ = {
			isa = PBXGroup;
			children = (
				015B4AAB5342A725730AE496 /* Pods_ExPrivatePod.framework */,
			);
			name = Frameworks;
			sourceTree = "<group>";
		};
/* End PBXGroup section */

/* Begin PBXNativeTarget section */
		2595C3781F77F0D4006C4FFB /* ExPrivatePod */ = {
			isa = PBXNativeTarget;
			buildConfigurationList = 2595C38B1F77F0D4006C4FFB /* Build configuration list for PBXNativeTarget "ExPrivatePod" */;
			buildPhases = (
				2EAAE5699DED1041E6EFF2DF /* [CP] Check Pods Manifest.lock */,
				2595C3751F77F0D4006C4FFB /* Sources */,
				2595C3761F77F0D4006C4FFB /* Frameworks */,
				2595C3771F77F0D4006C4FFB /* Resources */,
				564DAB131B28221ADAB1FF3E /* [CP] Embed Pods Frameworks */,
				7345BF78CF51CEFA87DDE2C8 /* [CP] Copy Pods Resources */,
			);
			buildRules = (
			);
			dependencies = (
			);
			name = ExPrivatePod;
			productName = ExPrivatePod;
			productReference = 2595C3791F77F0D4006C4FFB /* ExPrivatePod.app */;
			productType = "com.apple.product-type.application";
		};
/* End PBXNativeTarget section */

/* Begin PBXProject section */
		2595C3711F77F0D4006C4FFB /* Project object */ = {
			isa = PBXProject;
			attributes = {
				LastSwiftUpdateCheck = 0900;
				LastUpgradeCheck = 0900;
				ORGANIZATIONNAME = NixonShih;
				TargetAttributes = {
					2595C3781F77F0D4006C4FFB = {
						CreatedOnToolsVersion = 9.0;
						ProvisioningStyle = Automatic;
					};
				};
			};
			buildConfigurationList = 2595C3741F77F0D4006C4FFB /* Build configuration list for PBXProject "ExPrivatePod" */;
			compatibilityVersion = "Xcode 8.0";
			developmentRegion = en;
			hasScannedForEncodings = 0;
			knownRegions = (
				en,
				Base,
			);
			mainGroup = 2595C3701F77F0D4006C4FFB;
			productRefGroup = 2595C37A1F77F0D4006C4FFB /* Products */;
			projectDirPath = "";
			projectRoot = "";
			targets = (
				2595C3781F77F0D4006C4FFB /* ExPrivatePod */,
			);
		};
/* End PBXProject section */

/* Begin PBXResourcesBuildPhase section */
		2595C3771F77F0D4006C4FFB /* Resources */ = {
			isa = PBXResourcesBuildPhase;
			buildActionMask = 2147483647;
			files = (
				2595C3871F77F0D4006C4FFB /* LaunchScreen.storyboard in Resources */,
				2595C3841F77F0D4006C4FFB /* Assets.xcassets in Resources */,
				2595C3821F77F0D4006C4FFB /* Main.storyboard in Resources */,
			);
			runOnlyForDeploymentPostprocessing = 0;
		};
/* End PBXResourcesBuildPhase section */

/* Begin PBXShellScriptBuildPhase section */
		2EAAE5699DED1041E6EFF2DF /* [CP] Check Pods Manifest.lock */ = {
			isa = PBXShellScriptBuildPhase;
			buildActionMask = 2147483647;
			files = (
			);
			inputPaths = (
				"${PODS_PODFILE_DIR_PATH}/Podfile.lock",
				"${PODS_ROOT}/Manifest.lock",
			);
			name = "[CP] Check Pods Manifest.lock";
			outputPaths = (
				"$(DERIVED_FILE_DIR)/Pods-ExPrivatePod-checkManifestLockResult.txt",
			);
			runOnlyForDeploymentPostprocessing = 0;
			shellPath = /bin/sh;
			shellScript = "diff \"${PODS_PODFILE_DIR_PATH}/Podfile.lock\" \"${PODS_ROOT}/Manifest.lock\" > /dev/null\nif [ $? != 0 ] ; then\n    # print error to STDERR\n    echo \"error: The sandbox is not in sync with the Podfile.lock. Run 'pod install' or update your CocoaPods installation.\" >&2\n    exit 1\nfi\n# This output is used by Xcode 'outputs' to avoid re-running this script phase.\necho \"SUCCESS\" > \"${SCRIPT_OUTPUT_FILE_0}\"\n";
			showEnvVarsInLog = 0;
		};
		564DAB131B28221ADAB1FF3E /* [CP] Embed Pods Frameworks */ = {
			isa = PBXShellScriptBuildPhase;
			buildActionMask = 2147483647;
			files = (
			);
			inputPaths = (
				"${SRCROOT}/Pods/Target Support Files/Pods-ExPrivatePod/Pods-ExPrivatePod-frameworks.sh",
				"${BUILT_PRODUCTS_DIR}/NixonUtility/NixonUtility.framework",
				"${BUILT_PRODUCTS_DIR}/PrivatePod/PrivatePod.framework",
			);
			name = "[CP] Embed Pods Frameworks";
			outputPaths = (
				"${TARGET_BUILD_DIR}/${FRAMEWORKS_FOLDER_PATH}/NixonUtility.framework",
				"${TARGET_BUILD_DIR}/${FRAMEWORKS_FOLDER_PATH}/PrivatePod.framework",
			);
			runOnlyForDeploymentPostprocessing = 0;
			shellPath = /bin/sh;
			shellScript = "\"${SRCROOT}/Pods/Target Support Files/Pods-ExPrivatePod/Pods-ExPrivatePod-frameworks.sh\"\n";
			showEnvVarsInLog = 0;
		};
		7345BF78CF51CEFA87DDE2C8 /* [CP] Copy Pods Resources */ = {
			isa = PBXShellScriptBuildPhase;
			buildActionMask = 2147483647;
			files = (
			);
			inputPaths = (
			);
			name = "[CP] Copy Pods Resources";
			outputPaths = (
			);
			runOnlyForDeploymentPostprocessing = 0;
			shellPath = /bin/sh;
			shellScript = "\"${SRCROOT}/Pods/Target Support Files/Pods-ExPrivatePod/Pods-ExPrivatePod-resources.sh\"\n";
			showEnvVarsInLog = 0;
		};
/* End PBXShellScriptBuildPhase section */

/* Begin PBXSourcesBuildPhase section */
		2595C3751F77F0D4006C4FFB /* Sources */ = {
			isa = PBXSourcesBuildPhase;
			buildActionMask = 2147483647;
			files = (
				2595C37F1F77F0D4006C4FFB /* ViewController.swift in Sources */,
				2595C37D1F77F0D4006C4FFB /* AppDelegate.swift in Sources */,
			);
			runOnlyForDeploymentPostprocessing = 0;
		};
/* End PBXSourcesBuildPhase section */

/* Begin PBXVariantGroup section */
		2595C3801F77F0D4006C4FFB /* Main.storyboard */ = {
			isa = PBXVariantGroup;
			children = (
				2595C3811F77F0D4006C4FFB /* Base */,
			);
			name = Main.storyboard;
			sourceTree = "<group>";
		};
		2595C3851F77F0D4006C4FFB /* LaunchScreen.storyboard */ = {
			isa = PBXVariantGroup;
			children = (
				2595C3861F77F0D4006C4FFB /* Base */,
			);
			name = LaunchScreen.storyboard;
			sourceTree = "<group>";
		};
/* End PBXVariantGroup section */

/* Begin XCBuildConfiguration section */
		2595C3891F77F0D4006C4FFB /* Debug */ = {
			isa = XCBuildConfiguration;
			buildSettings = {
				ALWAYS_SEARCH_USER_PATHS = NO;
				CLANG_ANALYZER_NONNULL = YES;
				CLANG_ANALYZER_NUMBER_OBJECT_CONVERSION = YES_AGGRESSIVE;
				CLANG_CXX_LANGUAGE_STANDARD = "gnu++14";
				CLANG_CXX_LIBRARY = "libc++";
				CLANG_ENABLE_MODULES = YES;
				CLANG_ENABLE_OBJC_ARC = YES;
				CLANG_WARN_BLOCK_CAPTURE_AUTORELEASING = YES;
				CLANG_WARN_BOOL_CONVERSION = YES;
				CLANG_WARN_COMMA = YES;
				CLANG_WARN_CONSTANT_CONVERSION = YES;
				CLANG_WARN_DIRECT_OBJC_ISA_USAGE = YES_ERROR;
				CLANG_WARN_DOCUMENTATION_COMMENTS = YES;
				CLANG_WARN_EMPTY_BODY = YES;
				CLANG_WARN_ENUM_CONVERSION = YES;
				CLANG_WARN_INFINITE_RECURSION = YES;
				CLANG_WARN_INT_CONVERSION = YES;
				CLANG_WARN_NON_LITERAL_NULL_CONVERSION = YES;
				CLANG_WARN_OBJC_LITERAL_CONVERSION = YES;
				CLANG_WARN_OBJC_ROOT_CLASS = YES_ERROR;
				CLANG_WARN_RANGE_LOOP_ANALYSIS = YES;
				CLANG_WARN_STRICT_PROTOTYPES = YES;
				CLANG_WARN_SUSPICIOUS_MOVE = YES;
				CLANG_WARN_UNGUARDED_AVAILABILITY = YES_AGGRESSIVE;
				CLANG_WARN_UNREACHABLE_CODE = YES;
				CLANG_WARN__DUPLICATE_METHOD_MATCH = YES;
				CODE_SIGN_IDENTITY = "iPhone Developer";
				COPY_PHASE_STRIP = NO;
				DEBUG_INFORMATION_FORMAT = dwarf;
				ENABLE_STRICT_OBJC_MSGSEND = YES;
				ENABLE_TESTABILITY = YES;
				GCC_C_LANGUAGE_STANDARD = gnu11;
				GCC_DYNAMIC_NO_PIC = NO;
				GCC_NO_COMMON_BLOCKS = YES;
				GCC_OPTIMIZATION_LEVEL = 0;
				GCC_PREPROCESSOR_DEFINITIONS = (
					"DEBUG=1",
					"$(inherited)",
				);
				GCC_WARN_64_TO_32_BIT_CONVERSION = YES;
				GCC_WARN_ABOUT_RETURN_TYPE = YES_ERROR;
				GCC_WARN_UNDECLARED_SELECTOR = YES;
				GCC_WARN_UNINITIALIZED_AUTOS = YES_AGGRESSIVE;
				GCC_WARN_UNUSED_FUNCTION = YES;
				GCC_WARN_UNUSED_VARIABLE = YES;
				IPHONEOS_DEPLOYMENT_TARGET = 11.0;
				MTL_ENABLE_DEBUG_INFO = YES;
				ONLY_ACTIVE_ARCH = YES;
				SDKROOT = iphoneos;
				SWIFT_ACTIVE_COMPILATION_CONDITIONS = DEBUG;
				SWIFT_OPTIMIZATION_LEVEL = "-Onone";
			};
			name = Debug;
		};
		2595C38A1F77F0D4006C4FFB /* Release */ = {
			isa = XCBuildConfiguration;
			buildSettings = {
				ALWAYS_SEARCH_USER_PATHS = NO;
				CLANG_ANALYZER_NONNULL = YES;
				CLANG_ANALYZER_NUMBER_OBJECT_CONVERSION = YES_AGGRESSIVE;
				CLANG_CXX_LANGUAGE_STANDARD = "gnu++14";
				CLANG_CXX_LIBRARY = "libc++";
				CLANG_ENABLE_MODULES = YES;
				CLANG_ENABLE_OBJC_ARC = YES;
				CLANG_WARN_BLOCK_CAPTURE_AUTORELEASING = YES;
				CLANG_WARN_BOOL_CONVERSION = YES;
				CLANG_WARN_COMMA = YES;
				CLANG_WARN_CONSTANT_CONVERSION = YES;
				CLANG_WARN_DIRECT_OBJC_ISA_USAGE = YES_ERROR;
				CLANG_WARN_DOCUMENTATION_COMMENTS = YES;
				CLANG_WARN_EMPTY_BODY = YES;
				CLANG_WARN_ENUM_CONVERSION = YES;
				CLANG_WARN_INFINITE_RECURSION = YES;
				CLANG_WARN_INT_CONVERSION = YES;
				CLANG_WARN_NON_LITERAL_NULL_CONVERSION = YES;
				CLANG_WARN_OBJC_LITERAL_CONVERSION = YES;
				CLANG_WARN_OBJC_ROOT_CLASS = YES_ERROR;
				CLANG_WARN_RANGE_LOOP_ANALYSIS = YES;
				CLANG_WARN_STRICT_PROTOTYPES = YES;
				CLANG_WARN_SUSPICIOUS_MOVE = YES;
				CLANG_WARN_UNGUARDED_AVAILABILITY = YES_AGGRESSIVE;
				CLANG_WARN_UNREACHABLE_CODE = YES;
				CLANG_WARN__DUPLICATE_METHOD_MATCH = YES;
				CODE_SIGN_IDENTITY = "iPhone Developer";
				COPY_PHASE_STRIP = NO;
				DEBUG_INFORMATION_FORMAT = "dwarf-with-dsym";
				ENABLE_NS_ASSERTIONS = NO;
				ENABLE_STRICT_OBJC_MSGSEND = YES;
				GCC_C_LANGUAGE_STANDARD = gnu11;
				GCC_NO_COMMON_BLOCKS = YES;
				GCC_WARN_64_TO_32_BIT_CONVERSION = YES;
				GCC_WARN_ABOUT_RETURN_TYPE = YES_ERROR;
				GCC_WARN_UNDECLARED_SELECTOR = YES;
				GCC_WARN_UNINITIALIZED_AUTOS = YES_AGGRESSIVE;
				GCC_WARN_UNUSED_FUNCTION = YES;
				GCC_WARN_UNUSED_VARIABLE = YES;
				IPHONEOS_DEPLOYMENT_TARGET = 11.0;
				MTL_ENABLE_DEBUG_INFO = NO;
				SDKROOT = iphoneos;
				SWIFT_OPTIMIZATION_LEVEL = "-Owholemodule";
				VALIDATE_PRODUCT = YES;
			};
			name = Release;
		};
		2595C38C1F77F0D4006C4FFB /* Debug */ = {
			isa = XCBuildConfiguration;
			baseConfigurationReference = B4F94EADD95B2DCFEB872E48 /* Pods-ExPrivatePod.debug.xcconfig */;
			buildSettings = {
				ASSETCATALOG_COMPILER_APPICON_NAME = AppIcon;
				CODE_SIGN_STYLE = Automatic;
				DEVELOPMENT_TEAM = RF986632CV;
				INFOPLIST_FILE = ExPrivatePod/Info.plist;
				LD_RUNPATH_SEARCH_PATHS = "$(inherited) @executable_path/Frameworks";
				PRODUCT_BUNDLE_IDENTIFIER = net.NixonDesign.ExPrivatePod;
				PRODUCT_NAME = "$(TARGET_NAME)";
				SWIFT_VERSION = "";
				TARGETED_DEVICE_FAMILY = "1,2";
			};
			name = Debug;
		};
		2595C38D1F77F0D4006C4FFB /* Release */ = {
			isa = XCBuildConfiguration;
			baseConfigurationReference = B730CA16CADD2E6E4C3265A9 /* Pods-ExPrivatePod.release.xcconfig */;
			buildSettings = {
				ASSETCATALOG_COMPILER_APPICON_NAME = AppIcon;
				CODE_SIGN_STYLE = Automatic;
				DEVELOPMENT_TEAM = RF986632CV;
				INFOPLIST_FILE = ExPrivatePod/Info.plist;
				LD_RUNPATH_SEARCH_PATHS = "$(inherited) @executable_path/Frameworks";
				PRODUCT_BUNDLE_IDENTIFIER = net.NixonDesign.ExPrivatePod;
				PRODUCT_NAME = "$(TARGET_NAME)";
				SWIFT_VERSION = "";
				TARGETED_DEVICE_FAMILY = "1,2";
			};
			name = Release;
		};
/* End XCBuildConfiguration section */

/* Begin XCConfigurationList section */
		2595C3741F77F0D4006C4FFB /* Build configuration list for PBXProject "ExPrivatePod" */ = {
			isa = XCConfigurationList;
			buildConfigurations = (
				2595C3891F77F0D4006C4FFB /* Debug */,
				2595C38A1F77F0D4006C4FFB /* Release */,
			);
			defaultConfigurationIsVisible = 0;
			defaultConfigurationName = Release;
		};
		2595C38B1F77F0D4006C4FFB /* Build configuration list for PBXNativeTarget "ExPrivatePod" */ = {
			isa = XCConfigurationList;
			buildConfigurations = (
				2595C38C1F77F0D4006C4FFB /* Debug */,
				2595C38D1F77F0D4006C4FFB /* Release */,
			);
			defaultConfigurationIsVisible = 0;
			defaultConfigurationName = Release;
		};
/* End XCConfigurationList section */
	};
	rootObject = 2595C3711F77F0D4006C4FFB /* Project object */;
}
